
Microsoft Visual Studio Solution File, Format Version 12.00
# Visual Studio Version 16
VisualStudioVersion = 16.0.29519.181
MinimumVisualStudioVersion = 10.0.40219.1
Project("{9A19103F-16F7-4668-BE54-9A1E7A4F7556}") = "TelegramEventBot", "TelegramEventBot\TelegramEventBot.csproj", "{C497C9D3-7867-445D-9B25-71B532C47B25}"
EndProject
Project("{9A19103F-16F7-4668-BE54-9A1E7A4F7556}") = "TelegramEventBot-AdminPanel", "TelegramEventBot-AdminPanel\TelegramEventBot-AdminPanel.csproj", "{CB4E2F51-17FB-4578-B199-AFB0FD21EF19}"
EndProject
Global
	GlobalSection(SolutionConfigurationPlatforms) = preSolution
		Debug|Any CPU = Debug|Any CPU
		Release|Any CPU = Release|Any CPU
	EndGlobalSection
	GlobalSection(ProjectConfigurationPlatforms) = postSolution
		{C497C9D3-7867-445D-9B25-71B532C47B25}.Debug|Any CPU.ActiveCfg = Debug|Any CPU
		{C497C9D3-7867-445D-9B25-71B532C47B25}.Debug|Any CPU.Build.0 = Debug|Any CPU
		{C497C9D3-7867-445D-9B25-71B532C47B25}.Release|Any CPU.ActiveCfg = Debug|Any CPU
		{C497C9D3-7867-445D-9B25-71B532C47B25}.Release|Any CPU.Build.0 = Debug|Any CPU
		{CB4E2F51-17FB-4578-B199-AFB0FD21EF19}.Debug|Any CPU.ActiveCfg = Debug|Any CPU
		{CB4E2F51-17FB-4578-B199-AFB0FD21EF19}.Debug|Any CPU.Build.0 = Debug|Any CPU
		{CB4E2F51-17FB-4578-B199-AFB0FD21EF19}.Release|Any CPU.ActiveCfg = Debug|Any CPU
		{CB4E2F51-17FB-4578-B199-AFB0FD21EF19}.Release|Any CPU.Build.0 = Debug|Any CPU
	EndGlobalSection
	GlobalSection(SolutionProperties) = preSolution
		HideSolutionNode = FALSE
	EndGlobalSection
	GlobalSection(ExtensibilityGlobals) = postSolution
		SolutionGuid = {06F59077-D8BD-4C0A-BDC7-1A47E241CAFD}
	EndGlobalSection
EndGlobal
